<?xml version="1.0" encoding="utf-8"?>
<Project ToolsVersion="4.0" xmlns="http://schemas.microsoft.com/developer/msbuild/2003">
  <ItemGroup>
    <Filter Include="Source Files">
      <UniqueIdentifier>{4FC737F1-C7A5-4376-A066-2A32D752A2FF}</UniqueIdentifier>
      <Extensions>cpp;c;cc;cxx;def;odl;idl;hpj;bat;asm;asmx</Extensions>
    </Filter>
    <Filter Include="Header Files">
      <UniqueIdentifier>{93995380-89BD-4b04-88EB-625FBE52EBFB}</UniqueIdentifier>
      <Extensions>h;hh;hpp;hxx;hm;inl;inc;xsd</Extensions>
    </Filter>
    <Filter Include="Resource Files">
      <UniqueIdentifier>{67DA6AB6-F800-4c08-8B7A-83BB121AAD01}</UniqueIdentifier>
      <Extensions>rc;ico;cur;bmp;dlg;rc2;rct;bin;rgs;gif;jpg;jpeg;jpe;resx;tiff;tif;png;wav;mfcribbon-ms</Extensions>
    </Filter>
  </ItemGroup>
  <ItemGroup>
    <ClCompile Include="main.cpp">
      <Filter>Source Files</Filter>
    </ClCompile>
  </ItemGroup>
  <ItemGroup>
    <ClInclude Include="d_except.h">
      <Filter>Header Files</Filter>
    </ClInclude>
    <ClInclude Include="d_matrix.h">
      <Filter>Header Files</Filter>
    </ClInclude>
    <ClInclude Include="d_random.h">
      <Filter>Header Files</Filter>
    </ClInclude>
    <ClInclude Include="knapsack.h">
      <Filter>Header Files</Filter>
    </ClInclude>
  </ItemGroup>
  <ItemGroup>
    <None Include="knapsack8.input">
      <Filter>Resource Files</Filter>
    </None>
    <None Include="knapsack12.input">
      <Filter>Resource Files</Filter>
    </None>
    <None Include="knapsack16.input">
      <Filter>Resource Files</Filter>
    </None>
    <None Include="knapsack20.input">
      <Filter>Resource Files</Filter>
    </None>
    <None Include="knapsack28.input">
      <Filter>Resource Files</Filter>
    </None>
    <None Include="knapsack32.input">
      <Filter>Resource Files</Filter>
    </None>
    <None Include="knapsack48.input">
      <Filter>Resource Files</Filter>
    </None>
    <None Include="knapsack64.input">
      <Filter>Resource Files</Filter>
    </None>
    <None Include="knapsack128.input">
      <Filter>Resource Files</Filter>
    </None>
    <None Include="knapsack256.input">
      <Filter>Resource Files</Filter>
    </None>
    <None Include="knapsack512.input">
      <Filter>Resource Files</Filter>
    </None>
    <None Include="knapsack1024.input">
      <Filter>Resource Files</Filter>
    </None>
  </ItemGroup>
  <ItemGroup>
    <Text Include="output1024.txt">
      <Filter>Resource Files</Filter>
    </Text>
    <Text Include="output8.txt">
      <Filter>Resource Files</Filter>
    </Text>
    <Text Include="output12.txt">
      <Filter>Resource Files</Filter>
    </Text>
    <Text Include="output16.txt">
      <Filter>Resource Files</Filter>
    </Text>
    <Text Include="output20.txt">
      <Filter>Resource Files</Filter>
    </Text>
    <Text Include="output28.txt">
      <Filter>Resource Files</Filter>
    </Text>
    <Text Include="output32.txt">
      <Filter>Resource Files</Filter>
    </Text>
    <Text Include="output48.txt">
      <Filter>Resource Files</Filter>
    </Text>
    <Text Include="output64.txt">
      <Filter>Resource Files</Filter>
    </Text>
    <Text Include="output128.txt">
      <Filter>Resource Files</Filter>
    </Text>
    <Text Include="output256.txt">
      <Filter>Resource Files</Filter>
    </Text>
    <Text Include="output512.txt">
      <Filter>Resource Files</Filter>
    </Text>
  </ItemGroup>
</Project>